
Microsoft Visual Studio Solution File, Format Version 12.00
# Visual Studio Version 17
VisualStudioVersion = 17.13.35931.197 d17.13
MinimumVisualStudioVersion = 10.0.40219.1
Project("{FAE04EC0-301F-11D3-BF4B-00C04F79EFBC}") = "School Medical Management System", "School Medical Management System\School Medical Management System.csproj", "{D30B113E-E189-421F-BA52-BF45047D5EAF}"
EndProject
Global
	GlobalSection(SolutionConfigurationPlatforms) = preSolution
		Debug|Any CPU = Debug|Any CPU
		Release|Any CPU = Release|Any CPU
	EndGlobalSection
	GlobalSection(ProjectConfigurationPlatforms) = postSolution
		{D30B113E-E189-421F-BA52-BF45047D5EAF}.Debug|Any CPU.ActiveCfg = Debug|Any CPU
		{D30B113E-E189-421F-BA52-BF45047D5EAF}.Debug|Any CPU.Build.0 = Debug|Any CPU
		{D30B113E-E189-421F-BA52-BF45047D5EAF}.Release|Any CPU.ActiveCfg = Release|Any CPU
		{D30B113E-E189-421F-BA52-BF45047D5EAF}.Release|Any CPU.Build.0 = Release|Any CPU
	EndGlobalSection
	GlobalSection(SolutionProperties) = preSolution
		HideSolutionNode = FALSE
	EndGlobalSection
	GlobalSection(ExtensibilityGlobals) = postSolution
		SolutionGuid = {9E2817A1-4B1A-4F73-8D01-3E9284C40076}
	EndGlobalSection
EndGlobal
